
Microsoft Visual Studio Solution File, Format Version 12.00
# Visual Studio Version 17
VisualStudioVersion = 17.12.35527.113
MinimumVisualStudioVersion = 10.0.40219.1
Project("{FAE04EC0-301F-11D3-BF4B-00C04F79EFBC}") = "GateKeeper.Server", "GateKeeper.Server\GateKeeper.Server.csproj", "{01C8F3DC-421C-4306-8B92-0E7A324B2AFF}"
EndProject
Project("{54A90642-561A-4BB1-A94E-469ADEE60C69}") = "gatekeeper.client", "gatekeeper.client\gatekeeper.client.esproj", "{779D4AA1-277C-4AD4-A593-627B6C1F8360}"
EndProject
Project("{2150E333-8FDC-42A3-9474-1A3956D46DE8}") = "Solution Items", "Solution Items", "{649319A0-1203-4717-AA50-417BDEF8485B}"
	ProjectSection(SolutionItems) = preProject
		CONTRIBUTING.md = CONTRIBUTING.md
		GetStarted.md = GetStarted.md
		README.md = README.md
	EndProjectSection
EndProject
Project("{2150E333-8FDC-42A3-9474-1A3956D46DE8}") = "SQL", "SQL", "{F7DC7C89-6BF2-4560-BA72-F4D89CD9458D}"
EndProject
Project("{2150E333-8FDC-42A3-9474-1A3956D46DE8}") = "Tables", "Tables", "{BBF4AEB7-44AB-4127-8185-7A68EDF5C4BB}"
	ProjectSection(SolutionItems) = preProject
		SQL\Tables\Assets.sql = SQL\Tables\Assets.sql
		SQL\Tables\Invites.sql = SQL\Tables\Invites.sql
		SQL\Tables\KeySecrets.sql = SQL\Tables\KeySecrets.sql
		SQL\Tables\notifications.sql = SQL\Tables\notifications.sql
		SQL\Tables\notification_templates.sql = SQL\Tables\notification_templates.sql
		SQL\Tables\Roles.sql = SQL\Tables\Roles.sql
		SQL\Tables\Session.sql = SQL\Tables\Session.sql
		SQL\Tables\Settings.sql = SQL\Tables\Settings.sql
		SQL\Tables\User.sql = SQL\Tables\User.sql
		SQL\Tables\UserRoles.sql = SQL\Tables\UserRoles.sql
		SQL\Tables\Verification.sql = SQL\Tables\Verification.sql
	EndProjectSection
EndProject
Project("{2150E333-8FDC-42A3-9474-1A3956D46DE8}") = "StoredProcedures", "StoredProcedures", "{8F775521-B6D3-4F48-8383-D0725BFD4BAD}"
	ProjectSection(SolutionItems) = preProject
		SQL\StoreProcedures\AddOrUpdateSetting.sql = SQL\StoreProcedures\AddOrUpdateSetting.sql
		SQL\StoreProcedures\AddSetting.sql = SQL\StoreProcedures\AddSetting.sql
		SQL\StoreProcedures\AddUser.sql = SQL\StoreProcedures\AddUser.sql
		SQL\StoreProcedures\AssignRoleToUser.sql = SQL\StoreProcedures\AssignRoleToUser.sql
		SQL\StoreProcedures\CheckEmailExists.sql = SQL\StoreProcedures\CheckEmailExists.sql
		SQL\StoreProcedures\CheckUsernameExists.sql = SQL\StoreProcedures\CheckUsernameExists.sql
		SQL\StoreProcedures\DeleteSetting.sql = SQL\StoreProcedures\DeleteSetting.sql
		SQL\StoreProcedures\GetAllRoles.sql = SQL\StoreProcedures\GetAllRoles.sql
		SQL\StoreProcedures\GetAllSettings.sql = SQL\StoreProcedures\GetAllSettings.sql
		SQL\StoreProcedures\GetAllUsers.sql = SQL\StoreProcedures\GetAllUsers.sql
		SQL\StoreProcedures\GetInvitesByFromId.sql = SQL\StoreProcedures\GetInvitesByFromId.sql
		SQL\StoreProcedures\GetRoleById.sql = SQL\StoreProcedures\GetRoleById.sql
		SQL\StoreProcedures\GetRoleByName.sql = SQL\StoreProcedures\GetRoleByName.sql
		SQL\StoreProcedures\GetSettingById.sql = SQL\StoreProcedures\GetSettingById.sql
		SQL\StoreProcedures\GetSettingsByCategory.sql = SQL\StoreProcedures\GetSettingsByCategory.sql
		SQL\StoreProcedures\GetUser.sql = SQL\StoreProcedures\GetUser.sql
		SQL\StoreProcedures\GetUserDetailsForLogin.sql = SQL\StoreProcedures\GetUserDetailsForLogin.sql
		SQL\StoreProcedures\GetUserProfile.sql = SQL\StoreProcedures\GetUserProfile.sql
		SQL\StoreProcedures\GetUserRoles.sql = SQL\StoreProcedures\GetUserRoles.sql
		SQL\StoreProcedures\InsertInvite.sql = SQL\StoreProcedures\InsertInvite.sql
		SQL\StoreProcedures\InsertRole.sql = SQL\StoreProcedures\InsertRole.sql
		SQL\StoreProcedures\NotificationInsert.sql = SQL\StoreProcedures\NotificationInsert.sql
		SQL\StoreProcedures\NotificationsGetAll.sql = SQL\StoreProcedures\NotificationsGetAll.sql
		SQL\StoreProcedures\NotificationsGetNotSent.sql = SQL\StoreProcedures\NotificationsGetNotSent.sql
		SQL\StoreProcedures\NotificationsGetUser.sql = SQL\StoreProcedures\NotificationsGetUser.sql
		SQL\StoreProcedures\NotificationTemplate.sql = SQL\StoreProcedures\NotificationTemplate.sql
		SQL\StoreProcedures\NotificationUpdate.sql = SQL\StoreProcedures\NotificationUpdate.sql
		SQL\StoreProcedures\PasswordChange.sql = SQL\StoreProcedures\PasswordChange.sql
		SQL\StoreProcedures\RevokeVerifyToken.sql = SQL\StoreProcedures\RevokeVerifyToken.sql
		SQL\StoreProcedures\SearchSettings.sql = SQL\StoreProcedures\SearchSettings.sql
		SQL\StoreProcedures\SessionActiveListForUser.sql = SQL\StoreProcedures\SessionActiveListForUser.sql
		SQL\StoreProcedures\SessionInsert.sql = SQL\StoreProcedures\SessionInsert.sql
		SQL\StoreProcedures\SessionListMostRecentActivity.sql = SQL\StoreProcedures\SessionListMostRecentActivity.sql
		SQL\StoreProcedures\SessionLogout.sql = SQL\StoreProcedures\SessionLogout.sql
		SQL\StoreProcedures\SessionRefresh.sql = SQL\StoreProcedures\SessionRefresh.sql
		SQL\StoreProcedures\spDeactivateKey.sql = SQL\StoreProcedures\spDeactivateKey.sql
		SQL\StoreProcedures\spGetActiveKey.sql = SQL\StoreProcedures\spGetActiveKey.sql
		SQL\StoreProcedures\spInsertKey.sql = SQL\StoreProcedures\spInsertKey.sql
		SQL\StoreProcedures\UpdateRole.sql = SQL\StoreProcedures\UpdateRole.sql
		SQL\StoreProcedures\UpdateSetting.sql = SQL\StoreProcedures\UpdateSetting.sql
		SQL\StoreProcedures\UpdateUser.sql = SQL\StoreProcedures\UpdateUser.sql
		SQL\StoreProcedures\UserRolesUpdate.sql = SQL\StoreProcedures\UserRolesUpdate.sql
		SQL\StoreProcedures\ValidateFinish.sql = SQL\StoreProcedures\ValidateFinish.sql
		SQL\StoreProcedures\ValidateUser.sql = SQL\StoreProcedures\ValidateUser.sql
		SQL\StoreProcedures\VerificationInsert.sql = SQL\StoreProcedures\VerificationInsert.sql
	EndProjectSection
EndProject
Project("{2150E333-8FDC-42A3-9474-1A3956D46DE8}") = "Scripts", "Scripts", "{16EBC3CC-E821-4C22-BA38-EC6FDB7BAC17}"
	ProjectSection(SolutionItems) = preProject
		SQL\Scripts\AssetTypes.sql = SQL\Scripts\AssetTypes.sql
		SQL\Scripts\HangfireDatabase.sql = SQL\Scripts\HangfireDatabase.sql
		SQL\Scripts\Init.sql = SQL\Scripts\Init.sql
		SQL\Scripts\notification_templates.sql = SQL\Scripts\notification_templates.sql
	EndProjectSection
EndProject
Project("{FAE04EC0-301F-11D3-BF4B-00C04F79EFBC}") = "GateKeeper.Server.Test", "GateKeeper.Server.Test\GateKeeper.Server.Test.csproj", "{80977632-F573-4A13-80DF-21D2A5A83E57}"
EndProject
Global
	GlobalSection(SolutionConfigurationPlatforms) = preSolution
		Debug|Any CPU = Debug|Any CPU
		Release|Any CPU = Release|Any CPU
	EndGlobalSection
	GlobalSection(ProjectConfigurationPlatforms) = postSolution
		{01C8F3DC-421C-4306-8B92-0E7A324B2AFF}.Debug|Any CPU.ActiveCfg = Debug|Any CPU
		{01C8F3DC-421C-4306-8B92-0E7A324B2AFF}.Debug|Any CPU.Build.0 = Debug|Any CPU
		{01C8F3DC-421C-4306-8B92-0E7A324B2AFF}.Release|Any CPU.ActiveCfg = Release|Any CPU
		{01C8F3DC-421C-4306-8B92-0E7A324B2AFF}.Release|Any CPU.Build.0 = Release|Any CPU
		{779D4AA1-277C-4AD4-A593-627B6C1F8360}.Debug|Any CPU.ActiveCfg = Debug|Any CPU
		{779D4AA1-277C-4AD4-A593-627B6C1F8360}.Debug|Any CPU.Build.0 = Debug|Any CPU
		{779D4AA1-277C-4AD4-A593-627B6C1F8360}.Debug|Any CPU.Deploy.0 = Debug|Any CPU
		{779D4AA1-277C-4AD4-A593-627B6C1F8360}.Release|Any CPU.ActiveCfg = Release|Any CPU
		{779D4AA1-277C-4AD4-A593-627B6C1F8360}.Release|Any CPU.Build.0 = Release|Any CPU
		{779D4AA1-277C-4AD4-A593-627B6C1F8360}.Release|Any CPU.Deploy.0 = Release|Any CPU
		{80977632-F573-4A13-80DF-21D2A5A83E57}.Debug|Any CPU.ActiveCfg = Debug|Any CPU
		{80977632-F573-4A13-80DF-21D2A5A83E57}.Debug|Any CPU.Build.0 = Debug|Any CPU
		{80977632-F573-4A13-80DF-21D2A5A83E57}.Release|Any CPU.ActiveCfg = Release|Any CPU
		{80977632-F573-4A13-80DF-21D2A5A83E57}.Release|Any CPU.Build.0 = Release|Any CPU
	EndGlobalSection
	GlobalSection(SolutionProperties) = preSolution
		HideSolutionNode = FALSE
	EndGlobalSection
	GlobalSection(NestedProjects) = preSolution
		{BBF4AEB7-44AB-4127-8185-7A68EDF5C4BB} = {F7DC7C89-6BF2-4560-BA72-F4D89CD9458D}
		{8F775521-B6D3-4F48-8383-D0725BFD4BAD} = {F7DC7C89-6BF2-4560-BA72-F4D89CD9458D}
		{16EBC3CC-E821-4C22-BA38-EC6FDB7BAC17} = {F7DC7C89-6BF2-4560-BA72-F4D89CD9458D}
	EndGlobalSection
EndGlobal
